// !$*UTF8*$!
{
	archiveVersion = 1;
	classes = {
	};
	objectVersion = 56;
	objects = {

/* Begin PBXBuildFile section */
		F88DF91628EB1AAF008A4966 /* RegistrationViewController.swift in Sources */ = {isa = PBXBuildFile; fileRef = F88DF91528EB1AAF008A4966 /* RegistrationViewController.swift */; };
		F88DF92028EB1E05008A4966 /* LoginViewController.swift in Sources */ = {isa = PBXBuildFile; fileRef = F88DF91F28EB1E05008A4966 /* LoginViewController.swift */; };
		F88DF92528EB1E65008A4966 /* ServiceListViewController.swift in Sources */ = {isa = PBXBuildFile; fileRef = F88DF92428EB1E65008A4966 /* ServiceListViewController.swift */; };
		F88DF92728EB1E8D008A4966 /* SignUpViewController.swift in Sources */ = {isa = PBXBuildFile; fileRef = F88DF92628EB1E8D008A4966 /* SignUpViewController.swift */; };
		F88DF92F28EB3982008A4966 /* User.swift in Sources */ = {isa = PBXBuildFile; fileRef = F88DF92E28EB3982008A4966 /* User.swift */; };
		F88DF93128EB3AE8008A4966 /* Alert+Extension.swift in Sources */ = {isa = PBXBuildFile; fileRef = F88DF93028EB3AE8008A4966 /* Alert+Extension.swift */; };
		F88DF93328EB3EFD008A4966 /* Delegate+Extension.swift in Sources */ = {isa = PBXBuildFile; fileRef = F88DF93228EB3EFD008A4966 /* Delegate+Extension.swift */; };
		F8BE19E528DC7234008BFEBC /* AppDelegate.swift in Sources */ = {isa = PBXBuildFile; fileRef = F8BE19E428DC7234008BFEBC /* AppDelegate.swift */; };
		F8BE19E728DC7234008BFEBC /* SceneDelegate.swift in Sources */ = {isa = PBXBuildFile; fileRef = F8BE19E628DC7234008BFEBC /* SceneDelegate.swift */; };
		F8BE19E928DC7234008BFEBC /* HomeWorkViewController.swift in Sources */ = {isa = PBXBuildFile; fileRef = F8BE19E828DC7234008BFEBC /* HomeWorkViewController.swift */; };
		F8BE19EC28DC7234008BFEBC /* Main.storyboard in Resources */ = {isa = PBXBuildFile; fileRef = F8BE19EA28DC7234008BFEBC /* Main.storyboard */; };
		F8BE19EE28DC7236008BFEBC /* Assets.xcassets in Resources */ = {isa = PBXBuildFile; fileRef = F8BE19ED28DC7236008BFEBC /* Assets.xcassets */; };
		F8BE19F128DC7236008BFEBC /* LaunchScreen.storyboard in Resources */ = {isa = PBXBuildFile; fileRef = F8BE19EF28DC7236008BFEBC /* LaunchScreen.storyboard */; };
/* End PBXBuildFile section */

/* Begin PBXFileReference section */
		F88DF91528EB1AAF008A4966 /* RegistrationViewController.swift */ = {isa = PBXFileReference; lastKnownFileType = sourcecode.swift; path = RegistrationViewController.swift; sourceTree = "<group>"; };
		F88DF91F28EB1E05008A4966 /* LoginViewController.swift */ = {isa = PBXFileReference; lastKnownFileType = sourcecode.swift; path = LoginViewController.swift; sourceTree = "<group>"; };
		F88DF92428EB1E65008A4966 /* ServiceListViewController.swift */ = {isa = PBXFileReference; lastKnownFileType = sourcecode.swift; path = ServiceListViewController.swift; sourceTree = "<group>"; };
		F88DF92628EB1E8D008A4966 /* SignUpViewController.swift */ = {isa = PBXFileReference; lastKnownFileType = sourcecode.swift; path = SignUpViewController.swift; sourceTree = "<group>"; };
		F88DF92E28EB3982008A4966 /* User.swift */ = {isa = PBXFileReference; lastKnownFileType = sourcecode.swift; path = User.swift; sourceTree = "<group>"; };
		F88DF93028EB3AE8008A4966 /* Alert+Extension.swift */ = {isa = PBXFileReference; lastKnownFileType = sourcecode.swift; path = "Alert+Extension.swift"; sourceTree = "<group>"; };
		F88DF93228EB3EFD008A4966 /* Delegate+Extension.swift */ = {isa = PBXFileReference; lastKnownFileType = sourcecode.swift; path = "Delegate+Extension.swift"; sourceTree = "<group>"; };
		F8BE19E128DC7234008BFEBC /* UIKitHw.app */ = {isa = PBXFileReference; explicitFileType = wrapper.application; includeInIndex = 0; path = UIKitHw.app; sourceTree = BUILT_PRODUCTS_DIR; };
		F8BE19E428DC7234008BFEBC /* AppDelegate.swift */ = {isa = PBXFileReference; lastKnownFileType = sourcecode.swift; path = AppDelegate.swift; sourceTree = "<group>"; };
		F8BE19E628DC7234008BFEBC /* SceneDelegate.swift */ = {isa = PBXFileReference; lastKnownFileType = sourcecode.swift; path = SceneDelegate.swift; sourceTree = "<group>"; };
		F8BE19E828DC7234008BFEBC /* HomeWorkViewController.swift */ = {isa = PBXFileReference; lastKnownFileType = sourcecode.swift; path = HomeWorkViewController.swift; sourceTree = "<group>"; };
		F8BE19EB28DC7234008BFEBC /* Base */ = {isa = PBXFileReference; lastKnownFileType = file.storyboard; name = Base; path = Base.lproj/Main.storyboard; sourceTree = "<group>"; };
		F8BE19ED28DC7236008BFEBC /* Assets.xcassets */ = {isa = PBXFileReference; lastKnownFileType = folder.assetcatalog; path = Assets.xcassets; sourceTree = "<group>"; };
		F8BE19F028DC7236008BFEBC /* Base */ = {isa = PBXFileReference; lastKnownFileType = file.storyboard; name = Base; path = Base.lproj/LaunchScreen.storyboard; sourceTree = "<group>"; };
		F8BE19F228DC7236008BFEBC /* Info.plist */ = {isa = PBXFileReference; lastKnownFileType = text.plist.xml; path = Info.plist; sourceTree = "<group>"; };
/* End PBXFileReference section */

/* Begin PBXFrameworksBuildPhase section */
		F8BE19DE28DC7234008BFEBC /* Frameworks */ = {
			isa = PBXFrameworksBuildPhase;
			buildActionMask = 2147483647;
			files = (
			);
			runOnlyForDeploymentPostprocessing = 0;
		};
/* End PBXFrameworksBuildPhase section */

/* Begin PBXGroup section */
		F88DF91428EB1A87008A4966 /* ReplayLessonScreen */ = {
			isa = PBXGroup;
			children = (
				F8BE19E828DC7234008BFEBC /* HomeWorkViewController.swift */,
			);
			path = ReplayLessonScreen;
			sourceTree = "<group>";
		};
		F88DF91728EB1AB2008A4966 /* Controllers */ = {
			isa = PBXGroup;
			children = (
				F88DF91528EB1AAF008A4966 /* RegistrationViewController.swift */,
				F88DF92428EB1E65008A4966 /* ServiceListViewController.swift */,
				F88DF92628EB1E8D008A4966 /* SignUpViewController.swift */,
				F88DF91F28EB1E05008A4966 /* LoginViewController.swift */,
			);
			path = Controllers;
			sourceTree = "<group>";
		};
		F88DF91B28EB1B33008A4966 /* Storyboards */ = {
			isa = PBXGroup;
			children = (
				F8BE19EA28DC7234008BFEBC /* Main.storyboard */,
			);
			path = Storyboards;
			sourceTree = "<group>";
		};
		F88DF92828EB2EDD008A4966 /* Extension */ = {
			isa = PBXGroup;
			children = (
				F88DF93028EB3AE8008A4966 /* Alert+Extension.swift */,
				F88DF93228EB3EFD008A4966 /* Delegate+Extension.swift */,
			);
			path = Extension;
			sourceTree = "<group>";
		};
		F88DF92D28EB3974008A4966 /* Models */ = {
			isa = PBXGroup;
			children = (
				F88DF92E28EB3982008A4966 /* User.swift */,
			);
			path = Models;
			sourceTree = "<group>";
		};
		F8BE19D828DC7234008BFEBC = {
			isa = PBXGroup;
			children = (
				F8BE19E328DC7234008BFEBC /* UIKitHw */,
				F8BE19E228DC7234008BFEBC /* Products */,
			);
			sourceTree = "<group>";
		};
		F8BE19E228DC7234008BFEBC /* Products */ = {
			isa = PBXGroup;
			children = (
				F8BE19E128DC7234008BFEBC /* UIKitHw.app */,
			);
			name = Products;
			sourceTree = "<group>";
		};
		F8BE19E328DC7234008BFEBC /* UIKitHw */ = {
			isa = PBXGroup;
			children = (
				F88DF91428EB1A87008A4966 /* ReplayLessonScreen */,
				F8BE19E428DC7234008BFEBC /* AppDelegate.swift */,
				F8BE19E628DC7234008BFEBC /* SceneDelegate.swift */,
				F88DF92D28EB3974008A4966 /* Models */,
				F88DF92828EB2EDD008A4966 /* Extension */,
				F88DF91728EB1AB2008A4966 /* Controllers */,
				F88DF91B28EB1B33008A4966 /* Storyboards */,
				F8BE19ED28DC7236008BFEBC /* Assets.xcassets */,
				F8BE19EF28DC7236008BFEBC /* LaunchScreen.storyboard */,
				F8BE19F228DC7236008BFEBC /* Info.plist */,
			);
			path = UIKitHw;
			sourceTree = "<group>";
		};
/* End PBXGroup section */

/* Begin PBXNativeTarget section */
		F8BE19E028DC7234008BFEBC /* UIKitHw */ = {
			isa = PBXNativeTarget;
			buildConfigurationList = F8BE19F528DC7236008BFEBC /* Build configuration list for PBXNativeTarget "UIKitHw" */;
			buildPhases = (
				F8BE19DD28DC7234008BFEBC /* Sources */,
				F8BE19DE28DC7234008BFEBC /* Frameworks */,
				F8BE19DF28DC7234008BFEBC /* Resources */,
				F8BE19F828DC767C008BFEBC /* Swiftlint */,
			);
			buildRules = (
			);
			dependencies = (
			);
			name = UIKitHw;
			productName = UIKitHw;
			productReference = F8BE19E128DC7234008BFEBC /* UIKitHw.app */;
			productType = "com.apple.product-type.application";
		};
/* End PBXNativeTarget section */

/* Begin PBXProject section */
		F8BE19D928DC7234008BFEBC /* Project object */ = {
			isa = PBXProject;
			attributes = {
				BuildIndependentTargetsInParallel = 1;
				LastSwiftUpdateCheck = 1400;
				LastUpgradeCheck = 1400;
				TargetAttributes = {
					F8BE19E028DC7234008BFEBC = {
						CreatedOnToolsVersion = 14.0;
					};
				};
			};
			buildConfigurationList = F8BE19DC28DC7234008BFEBC /* Build configuration list for PBXProject "UIKitHw" */;
			compatibilityVersion = "Xcode 14.0";
			developmentRegion = en;
			hasScannedForEncodings = 0;
			knownRegions = (
				en,
				Base,
			);
			mainGroup = F8BE19D828DC7234008BFEBC;
			productRefGroup = F8BE19E228DC7234008BFEBC /* Products */;
			projectDirPath = "";
			projectRoot = "";
			targets = (
				F8BE19E028DC7234008BFEBC /* UIKitHw */,
			);
		};
/* End PBXProject section */

/* Begin PBXResourcesBuildPhase section */
		F8BE19DF28DC7234008BFEBC /* Resources */ = {
			isa = PBXResourcesBuildPhase;
			buildActionMask = 2147483647;
			files = (
				F8BE19F128DC7236008BFEBC /* LaunchScreen.storyboard in Resources */,
				F8BE19EE28DC7236008BFEBC /* Assets.xcassets in Resources */,
				F8BE19EC28DC7234008BFEBC /* Main.storyboard in Resources */,
			);
			runOnlyForDeploymentPostprocessing = 0;
		};
/* End PBXResourcesBuildPhase section */

/* Begin PBXShellScriptBuildPhase section */
		F8BE19F828DC767C008BFEBC /* Swiftlint */ = {
			isa = PBXShellScriptBuildPhase;
			alwaysOutOfDate = 1;
			buildActionMask = 12;
			files = (
			);
			inputFileListPaths = (
			);
			inputPaths = (
			);
			name = Swiftlint;
			outputFileListPaths = (
			);
			outputPaths = (
			);
			runOnlyForDeploymentPostprocessing = 0;
			shellPath = /bin/sh;
			shellScript = "export PATH=\"$PATH:/opt/homebrew/bin\"\nif which swiftlint > /dev/null; then\n  swiftlint\nelse\n  echo \"warning: SwiftLint not installed, download from https://github.com/realm/SwiftLint\"\nfi\n";
		};
/* End PBXShellScriptBuildPhase section */

/* Begin PBXSourcesBuildPhase section */
		F8BE19DD28DC7234008BFEBC /* Sources */ = {
			isa = PBXSourcesBuildPhase;
			buildActionMask = 2147483647;
			files = (
				F8BE19E928DC7234008BFEBC /* HomeWorkViewController.swift in Sources */,
				F88DF92728EB1E8D008A4966 /* SignUpViewController.swift in Sources */,
				F88DF93328EB3EFD008A4966 /* Delegate+Extension.swift in Sources */,
				F8BE19E528DC7234008BFEBC /* AppDelegate.swift in Sources */,
				F88DF91628EB1AAF008A4966 /* RegistrationViewController.swift in Sources */,
				F88DF92F28EB3982008A4966 /* User.swift in Sources */,
				F88DF93128EB3AE8008A4966 /* Alert+Extension.swift in Sources */,
				F88DF92028EB1E05008A4966 /* LoginViewController.swift in Sources */,
				F88DF92528EB1E65008A4966 /* ServiceListViewController.swift in Sources */,
				F8BE19E728DC7234008BFEBC /* SceneDelegate.swift in Sources */,
			);
			runOnlyForDeploymentPostprocessing = 0;
		};
/* End PBXSourcesBuildPhase section */

/* Begin PBXVariantGroup section */
		F8BE19EA28DC7234008BFEBC /* Main.storyboard */ = {
			isa = PBXVariantGroup;
			children = (
				F8BE19EB28DC7234008BFEBC /* Base */,
			);
			name = Main.storyboard;
			sourceTree = "<group>";
		};
		F8BE19EF28DC7236008BFEBC /* LaunchScreen.storyboard */ = {
			isa = PBXVariantGroup;
			children = (
				F8BE19F028DC7236008BFEBC /* Base */,
			);
			name = LaunchScreen.storyboard;
			sourceTree = "<group>";
		};
/* End PBXVariantGroup section */

/* Begin XCBuildConfiguration section */
		F8BE19F328DC7236008BFEBC /* Debug */ = {
			isa = XCBuildConfiguration;
			buildSettings = {
				ALWAYS_SEARCH_USER_PATHS = NO;
				CLANG_ANALYZER_NONNULL = YES;
				CLANG_ANALYZER_NUMBER_OBJECT_CONVERSION = YES_AGGRESSIVE;
				CLANG_CXX_LANGUAGE_STANDARD = "gnu++20";
				CLANG_ENABLE_MODULES = YES;
				CLANG_ENABLE_OBJC_ARC = YES;
				CLANG_ENABLE_OBJC_WEAK = YES;
				CLANG_WARN_BLOCK_CAPTURE_AUTORELEASING = YES;
				CLANG_WARN_BOOL_CONVERSION = YES;
				CLANG_WARN_COMMA = YES;
				CLANG_WARN_CONSTANT_CONVERSION = YES;
				CLANG_WARN_DEPRECATED_OBJC_IMPLEMENTATIONS = YES;
				CLANG_WARN_DIRECT_OBJC_ISA_USAGE = YES_ERROR;
				CLANG_WARN_DOCUMENTATION_COMMENTS = YES;
				CLANG_WARN_EMPTY_BODY = YES;
				CLANG_WARN_ENUM_CONVERSION = YES;
				CLANG_WARN_INFINITE_RECURSION = YES;
				CLANG_WARN_INT_CONVERSION = YES;
				CLANG_WARN_NON_LITERAL_NULL_CONVERSION = YES;
				CLANG_WARN_OBJC_IMPLICIT_RETAIN_SELF = YES;
				CLANG_WARN_OBJC_LITERAL_CONVERSION = YES;
				CLANG_WARN_OBJC_ROOT_CLASS = YES_ERROR;
				CLANG_WARN_QUOTED_INCLUDE_IN_FRAMEWORK_HEADER = YES;
				CLANG_WARN_RANGE_LOOP_ANALYSIS = YES;
				CLANG_WARN_STRICT_PROTOTYPES = YES;
				CLANG_WARN_SUSPICIOUS_MOVE = YES;
				CLANG_WARN_UNGUARDED_AVAILABILITY = YES_AGGRESSIVE;
				CLANG_WARN_UNREACHABLE_CODE = YES;
				CLANG_WARN__DUPLICATE_METHOD_MATCH = YES;
				COPY_PHASE_STRIP = NO;
				DEBUG_INFORMATION_FORMAT = dwarf;
				ENABLE_STRICT_OBJC_MSGSEND = YES;
				ENABLE_TESTABILITY = YES;
				GCC_C_LANGUAGE_STANDARD = gnu11;
				GCC_DYNAMIC_NO_PIC = NO;
				GCC_NO_COMMON_BLOCKS = YES;
				GCC_OPTIMIZATION_LEVEL = 0;
				GCC_PREPROCESSOR_DEFINITIONS = (
					"DEBUG=1",
					"$(inherited)",
				);
				GCC_WARN_64_TO_32_BIT_CONVERSION = YES;
				GCC_WARN_ABOUT_RETURN_TYPE = YES_ERROR;
				GCC_WARN_UNDECLARED_SELECTOR = YES;
				GCC_WARN_UNINITIALIZED_AUTOS = YES_AGGRESSIVE;
				GCC_WARN_UNUSED_FUNCTION = YES;
				GCC_WARN_UNUSED_VARIABLE = YES;
				IPHONEOS_DEPLOYMENT_TARGET = 16.0;
				MTL_ENABLE_DEBUG_INFO = INCLUDE_SOURCE;
				MTL_FAST_MATH = YES;
				ONLY_ACTIVE_ARCH = YES;
				SDKROOT = iphoneos;
				SWIFT_ACTIVE_COMPILATION_CONDITIONS = DEBUG;
				SWIFT_OPTIMIZATION_LEVEL = "-Onone";
			};
			name = Debug;
		};
		F8BE19F428DC7236008BFEBC /* Release */ = {
			isa = XCBuildConfiguration;
			buildSettings = {
				ALWAYS_SEARCH_USER_PATHS = NO;
				CLANG_ANALYZER_NONNULL = YES;
				CLANG_ANALYZER_NUMBER_OBJECT_CONVERSION = YES_AGGRESSIVE;
				CLANG_CXX_LANGUAGE_STANDARD = "gnu++20";
				CLANG_ENABLE_MODULES = YES;
				CLANG_ENABLE_OBJC_ARC = YES;
				CLANG_ENABLE_OBJC_WEAK = YES;
				CLANG_WARN_BLOCK_CAPTURE_AUTORELEASING = YES;
				CLANG_WARN_BOOL_CONVERSION = YES;
				CLANG_WARN_COMMA = YES;
				CLANG_WARN_CONSTANT_CONVERSION = YES;
				CLANG_WARN_DEPRECATED_OBJC_IMPLEMENTATIONS = YES;
				CLANG_WARN_DIRECT_OBJC_ISA_USAGE = YES_ERROR;
				CLANG_WARN_DOCUMENTATION_COMMENTS = YES;
				CLANG_WARN_EMPTY_BODY = YES;
				CLANG_WARN_ENUM_CONVERSION = YES;
				CLANG_WARN_INFINITE_RECURSION = YES;
				CLANG_WARN_INT_CONVERSION = YES;
				CLANG_WARN_NON_LITERAL_NULL_CONVERSION = YES;
				CLANG_WARN_OBJC_IMPLICIT_RETAIN_SELF = YES;
				CLANG_WARN_OBJC_LITERAL_CONVERSION = YES;
				CLANG_WARN_OBJC_ROOT_CLASS = YES_ERROR;
				CLANG_WARN_QUOTED_INCLUDE_IN_FRAMEWORK_HEADER = YES;
				CLANG_WARN_RANGE_LOOP_ANALYSIS = YES;
				CLANG_WARN_STRICT_PROTOTYPES = YES;
				CLANG_WARN_SUSPICIOUS_MOVE = YES;
				CLANG_WARN_UNGUARDED_AVAILABILITY = YES_AGGRESSIVE;
				CLANG_WARN_UNREACHABLE_CODE = YES;
				CLANG_WARN__DUPLICATE_METHOD_MATCH = YES;
				COPY_PHASE_STRIP = NO;
				DEBUG_INFORMATION_FORMAT = "dwarf-with-dsym";
				ENABLE_NS_ASSERTIONS = NO;
				ENABLE_STRICT_OBJC_MSGSEND = YES;
				GCC_C_LANGUAGE_STANDARD = gnu11;
				GCC_NO_COMMON_BLOCKS = YES;
				GCC_WARN_64_TO_32_BIT_CONVERSION = YES;
				GCC_WARN_ABOUT_RETURN_TYPE = YES_ERROR;
				GCC_WARN_UNDECLARED_SELECTOR = YES;
				GCC_WARN_UNINITIALIZED_AUTOS = YES_AGGRESSIVE;
				GCC_WARN_UNUSED_FUNCTION = YES;
				GCC_WARN_UNUSED_VARIABLE = YES;
				IPHONEOS_DEPLOYMENT_TARGET = 16.0;
				MTL_ENABLE_DEBUG_INFO = NO;
				MTL_FAST_MATH = YES;
				SDKROOT = iphoneos;
				SWIFT_COMPILATION_MODE = wholemodule;
				SWIFT_OPTIMIZATION_LEVEL = "-O";
				VALIDATE_PRODUCT = YES;
			};
			name = Release;
		};
		F8BE19F628DC7236008BFEBC /* Debug */ = {
			isa = XCBuildConfiguration;
			buildSettings = {
				ASSETCATALOG_COMPILER_APPICON_NAME = AppIcon;
				ASSETCATALOG_COMPILER_GLOBAL_ACCENT_COLOR_NAME = AccentColor;
				CODE_SIGN_STYLE = Automatic;
				CURRENT_PROJECT_VERSION = 1;
				DEVELOPMENT_TEAM = 23LWN74XLQ;
				GENERATE_INFOPLIST_FILE = YES;
				INFOPLIST_FILE = UIKitHw/Info.plist;
				INFOPLIST_KEY_UIApplicationSupportsIndirectInputEvents = YES;
				INFOPLIST_KEY_UILaunchStoryboardName = LaunchScreen;
				INFOPLIST_KEY_UIMainStoryboardFile = Main;
				INFOPLIST_KEY_UISupportedInterfaceOrientations_iPad = "UIInterfaceOrientationPortrait UIInterfaceOrientationPortraitUpsideDown UIInterfaceOrientationLandscapeLeft UIInterfaceOrientationLandscapeRight";
				INFOPLIST_KEY_UISupportedInterfaceOrientations_iPhone = "UIInterfaceOrientationPortrait UIInterfaceOrientationLandscapeLeft UIInterfaceOrientationLandscapeRight";
				LD_RUNPATH_SEARCH_PATHS = (
					"$(inherited)",
					"@executable_path/Frameworks",
				);
				MARKETING_VERSION = 1.0;
				PRODUCT_BUNDLE_IDENTIFIER = aleksandr.dorofeev.UIKitHw;
				PRODUCT_NAME = "$(TARGET_NAME)";
				SWIFT_EMIT_LOC_STRINGS = YES;
				SWIFT_VERSION = 5.0;
				TARGETED_DEVICE_FAMILY = "1,2";
			};
			name = Debug;
		};
		F8BE19F728DC7236008BFEBC /* Release */ = {
			isa = XCBuildConfiguration;
			buildSettings = {
				ASSETCATALOG_COMPILER_APPICON_NAME = AppIcon;
				ASSETCATALOG_COMPILER_GLOBAL_ACCENT_COLOR_NAME = AccentColor;
				CODE_SIGN_STYLE = Automatic;
				CURRENT_PROJECT_VERSION = 1;
				DEVELOPMENT_TEAM = 23LWN74XLQ;
				GENERATE_INFOPLIST_FILE = YES;
				INFOPLIST_FILE = UIKitHw/Info.plist;
				INFOPLIST_KEY_UIApplicationSupportsIndirectInputEvents = YES;
				INFOPLIST_KEY_UILaunchStoryboardName = LaunchScreen;
				INFOPLIST_KEY_UIMainStoryboardFile = Main;
				INFOPLIST_KEY_UISupportedInterfaceOrientations_iPad = "UIInterfaceOrientationPortrait UIInterfaceOrientationPortraitUpsideDown UIInterfaceOrientationLandscapeLeft UIInterfaceOrientationLandscapeRight";
				INFOPLIST_KEY_UISupportedInterfaceOrientations_iPhone = "UIInterfaceOrientationPortrait UIInterfaceOrientationLandscapeLeft UIInterfaceOrientationLandscapeRight";
				LD_RUNPATH_SEARCH_PATHS = (
					"$(inherited)",
					"@executable_path/Frameworks",
				);
				MARKETING_VERSION = 1.0;
				PRODUCT_BUNDLE_IDENTIFIER = aleksandr.dorofeev.UIKitHw;
				PRODUCT_NAME = "$(TARGET_NAME)";
				SWIFT_EMIT_LOC_STRINGS = YES;
				SWIFT_VERSION = 5.0;
				TARGETED_DEVICE_FAMILY = "1,2";
			};
			name = Release;
		};
/* End XCBuildConfiguration section */

/* Begin XCConfigurationList section */
		F8BE19DC28DC7234008BFEBC /* Build configuration list for PBXProject "UIKitHw" */ = {
			isa = XCConfigurationList;
			buildConfigurations = (
				F8BE19F328DC7236008BFEBC /* Debug */,
				F8BE19F428DC7236008BFEBC /* Release */,
			);
			defaultConfigurationIsVisible = 0;
			defaultConfigurationName = Release;
		};
		F8BE19F528DC7236008BFEBC /* Build configuration list for PBXNativeTarget "UIKitHw" */ = {
			isa = XCConfigurationList;
			buildConfigurations = (
				F8BE19F628DC7236008BFEBC /* Debug */,
				F8BE19F728DC7236008BFEBC /* Release */,
			);
			defaultConfigurationIsVisible = 0;
			defaultConfigurationName = Release;
		};
/* End XCConfigurationList section */
	};
	rootObject = F8BE19D928DC7234008BFEBC /* Project object */;
}
